// !$*UTF8*$!
{
	archiveVersion = 1;
	classes = {
	};
	objectVersion = 56;
	objects = {

/* Begin PBXBuildFile section */
		E50AB57D2934AAC600544D59 /* AppCoordinator.swift in Sources */ = {isa = PBXBuildFile; fileRef = E50AB57C2934AAC600544D59 /* AppCoordinator.swift */; };
		E50AB57F2934AB0900544D59 /* GoogleService-Info.plist in Resources */ = {isa = PBXBuildFile; fileRef = E50AB57E2934AB0900544D59 /* GoogleService-Info.plist */; };
		E50AB5822934B01C00544D59 /* FirebaseAnalytics in Frameworks */ = {isa = PBXBuildFile; productRef = E50AB5812934B01C00544D59 /* FirebaseAnalytics */; };
		E50AB5842934B01C00544D59 /* FirebaseAnalyticsWithoutAdIdSupport in Frameworks */ = {isa = PBXBuildFile; productRef = E50AB5832934B01C00544D59 /* FirebaseAnalyticsWithoutAdIdSupport */; };
		E50AB5862934B01C00544D59 /* FirebaseAuth in Frameworks */ = {isa = PBXBuildFile; productRef = E50AB5852934B01C00544D59 /* FirebaseAuth */; };
		E50AB5882934B01C00544D59 /* FirebaseAuthCombine-Community in Frameworks */ = {isa = PBXBuildFile; productRef = E50AB5872934B01C00544D59 /* FirebaseAuthCombine-Community */; };
		E50AB58A2934B01C00544D59 /* FirebaseFirestore in Frameworks */ = {isa = PBXBuildFile; productRef = E50AB5892934B01C00544D59 /* FirebaseFirestore */; };
		E50AB58C2934B01C00544D59 /* FirebaseFirestoreCombine-Community in Frameworks */ = {isa = PBXBuildFile; productRef = E50AB58B2934B01C00544D59 /* FirebaseFirestoreCombine-Community */; };
		E50AB58E2934B01C00544D59 /* FirebaseFirestoreSwift in Frameworks */ = {isa = PBXBuildFile; productRef = E50AB58D2934B01C00544D59 /* FirebaseFirestoreSwift */; };
		E50AB5912934DBEF00544D59 /* HomeView.swift in Sources */ = {isa = PBXBuildFile; fileRef = E50AB5902934DBEF00544D59 /* HomeView.swift */; };
		E50AB5932934DC0100544D59 /* HomeViewModel.swift in Sources */ = {isa = PBXBuildFile; fileRef = E50AB5922934DC0100544D59 /* HomeViewModel.swift */; };
		E50AB5952934DC0F00544D59 /* HomeCoordinator.swift in Sources */ = {isa = PBXBuildFile; fileRef = E50AB5942934DC0F00544D59 /* HomeCoordinator.swift */; };
		E50AB5972934DC1E00544D59 /* HomeRepository.swift in Sources */ = {isa = PBXBuildFile; fileRef = E50AB5962934DC1E00544D59 /* HomeRepository.swift */; };
		E50AB5992934DC3100544D59 /* HomeNavigation.swift in Sources */ = {isa = PBXBuildFile; fileRef = E50AB5982934DC3100544D59 /* HomeNavigation.swift */; };
		E50AB59B2934E36E00544D59 /* HomeTopView.swift in Sources */ = {isa = PBXBuildFile; fileRef = E50AB59A2934E36E00544D59 /* HomeTopView.swift */; };
		E50AB59E293CDF7600544D59 /* ColoredButton.swift in Sources */ = {isa = PBXBuildFile; fileRef = E50AB59D293CDF7600544D59 /* ColoredButton.swift */; };
		E50AB5A4293E04DA00544D59 /* User.swift in Sources */ = {isa = PBXBuildFile; fileRef = E50AB5A3293E04DA00544D59 /* User.swift */; };
		E50AB5A6293E3EF400544D59 /* TopEvent.swift in Sources */ = {isa = PBXBuildFile; fileRef = E50AB5A5293E3EF400544D59 /* TopEvent.swift */; };
		E55BC7BE292CECCE00117074 /* AppDelegate.swift in Sources */ = {isa = PBXBuildFile; fileRef = E55BC7BD292CECCE00117074 /* AppDelegate.swift */; };
		E55BC7C0292CECCE00117074 /* SceneDelegate.swift in Sources */ = {isa = PBXBuildFile; fileRef = E55BC7BF292CECCE00117074 /* SceneDelegate.swift */; };
		E55BC7C2292CECCE00117074 /* ViewController.swift in Sources */ = {isa = PBXBuildFile; fileRef = E55BC7C1292CECCE00117074 /* ViewController.swift */; };
		E55BC7C5292CECCE00117074 /* Main.storyboard in Resources */ = {isa = PBXBuildFile; fileRef = E55BC7C3292CECCE00117074 /* Main.storyboard */; };
		E55BC7C7292CECCE00117074 /* Assets.xcassets in Resources */ = {isa = PBXBuildFile; fileRef = E55BC7C6292CECCE00117074 /* Assets.xcassets */; };
		E55BC7CA292CECCE00117074 /* LaunchScreen.storyboard in Resources */ = {isa = PBXBuildFile; fileRef = E55BC7C8292CECCE00117074 /* LaunchScreen.storyboard */; };
		E55BC7D6292CFF9100117074 /* SignInCoordinator.swift in Sources */ = {isa = PBXBuildFile; fileRef = E55BC7D5292CFF9100117074 /* SignInCoordinator.swift */; };
		E55BC7D8292CFFAD00117074 /* SignInRepository.swift in Sources */ = {isa = PBXBuildFile; fileRef = E55BC7D7292CFFAD00117074 /* SignInRepository.swift */; };
		E55BC7DA292CFFC400117074 /* SignInNavigation.swift in Sources */ = {isa = PBXBuildFile; fileRef = E55BC7D9292CFFC400117074 /* SignInNavigation.swift */; };
		E55BC7DC292D012200117074 /* SignInView.swift in Sources */ = {isa = PBXBuildFile; fileRef = E55BC7DB292D012200117074 /* SignInView.swift */; };
		E55BC7DE292D013700117074 /* SignInViewModel.swift in Sources */ = {isa = PBXBuildFile; fileRef = E55BC7DD292D013700117074 /* SignInViewModel.swift */; };
		E57CEA7A292E10F100AA861D /* PurpleButton.swift in Sources */ = {isa = PBXBuildFile; fileRef = E57CEA79292E10F100AA861D /* PurpleButton.swift */; };
		E57CEA7E292E11D900AA861D /* TextInput.swift in Sources */ = {isa = PBXBuildFile; fileRef = E57CEA7D292E11D900AA861D /* TextInput.swift */; };
		E57CEA82292E2CEC00AA861D /* TextButton.swift in Sources */ = {isa = PBXBuildFile; fileRef = E57CEA81292E2CEC00AA861D /* TextButton.swift */; };
		E57CEA85292E41DC00AA861D /* SignUpCoordinator.swift in Sources */ = {isa = PBXBuildFile; fileRef = E57CEA84292E41DC00AA861D /* SignUpCoordinator.swift */; };
		E57CEA87292E41EF00AA861D /* SignUpRepository.swift in Sources */ = {isa = PBXBuildFile; fileRef = E57CEA86292E41EF00AA861D /* SignUpRepository.swift */; };
		E57CEA89292E420300AA861D /* SignUpNavigation.swift in Sources */ = {isa = PBXBuildFile; fileRef = E57CEA88292E420300AA861D /* SignUpNavigation.swift */; };
		E57CEA8B292E421700AA861D /* SignUpViewModel.swift in Sources */ = {isa = PBXBuildFile; fileRef = E57CEA8A292E421700AA861D /* SignUpViewModel.swift */; };
		E57CEA8D292E422E00AA861D /* SignUpView.swift in Sources */ = {isa = PBXBuildFile; fileRef = E57CEA8C292E422E00AA861D /* SignUpView.swift */; };
/* End PBXBuildFile section */

/* Begin PBXFileReference section */
		E50AB57C2934AAC600544D59 /* AppCoordinator.swift */ = {isa = PBXFileReference; fileEncoding = 4; lastKnownFileType = sourcecode.swift; name = AppCoordinator.swift; path = ../../../../.Trash/AppCoordinator.swift; sourceTree = "<group>"; };
		E50AB57E2934AB0900544D59 /* GoogleService-Info.plist */ = {isa = PBXFileReference; fileEncoding = 4; lastKnownFileType = text.plist.xml; path = "GoogleService-Info.plist"; sourceTree = "<group>"; };
		E50AB5902934DBEF00544D59 /* HomeView.swift */ = {isa = PBXFileReference; lastKnownFileType = sourcecode.swift; path = HomeView.swift; sourceTree = "<group>"; };
		E50AB5922934DC0100544D59 /* HomeViewModel.swift */ = {isa = PBXFileReference; lastKnownFileType = sourcecode.swift; path = HomeViewModel.swift; sourceTree = "<group>"; };
		E50AB5942934DC0F00544D59 /* HomeCoordinator.swift */ = {isa = PBXFileReference; lastKnownFileType = sourcecode.swift; path = HomeCoordinator.swift; sourceTree = "<group>"; };
		E50AB5962934DC1E00544D59 /* HomeRepository.swift */ = {isa = PBXFileReference; lastKnownFileType = sourcecode.swift; path = HomeRepository.swift; sourceTree = "<group>"; };
		E50AB5982934DC3100544D59 /* HomeNavigation.swift */ = {isa = PBXFileReference; lastKnownFileType = sourcecode.swift; path = HomeNavigation.swift; sourceTree = "<group>"; };
		E50AB59A2934E36E00544D59 /* HomeTopView.swift */ = {isa = PBXFileReference; lastKnownFileType = sourcecode.swift; path = HomeTopView.swift; sourceTree = "<group>"; };
		E50AB59D293CDF7600544D59 /* ColoredButton.swift */ = {isa = PBXFileReference; lastKnownFileType = sourcecode.swift; path = ColoredButton.swift; sourceTree = "<group>"; };
		E50AB5A3293E04DA00544D59 /* User.swift */ = {isa = PBXFileReference; lastKnownFileType = sourcecode.swift; path = User.swift; sourceTree = "<group>"; };
		E50AB5A5293E3EF400544D59 /* TopEvent.swift */ = {isa = PBXFileReference; lastKnownFileType = sourcecode.swift; path = TopEvent.swift; sourceTree = "<group>"; };
		E55BC7BA292CECCE00117074 /* EventHub.app */ = {isa = PBXFileReference; explicitFileType = wrapper.application; includeInIndex = 0; path = EventHub.app; sourceTree = BUILT_PRODUCTS_DIR; };
		E55BC7BD292CECCE00117074 /* AppDelegate.swift */ = {isa = PBXFileReference; lastKnownFileType = sourcecode.swift; path = AppDelegate.swift; sourceTree = "<group>"; };
		E55BC7BF292CECCE00117074 /* SceneDelegate.swift */ = {isa = PBXFileReference; lastKnownFileType = sourcecode.swift; path = SceneDelegate.swift; sourceTree = "<group>"; };
		E55BC7C1292CECCE00117074 /* ViewController.swift */ = {isa = PBXFileReference; lastKnownFileType = sourcecode.swift; path = ViewController.swift; sourceTree = "<group>"; };
		E55BC7C4292CECCE00117074 /* Base */ = {isa = PBXFileReference; lastKnownFileType = file.storyboard; name = Base; path = Base.lproj/Main.storyboard; sourceTree = "<group>"; };
		E55BC7C6292CECCE00117074 /* Assets.xcassets */ = {isa = PBXFileReference; lastKnownFileType = folder.assetcatalog; path = Assets.xcassets; sourceTree = "<group>"; };
		E55BC7C9292CECCE00117074 /* Base */ = {isa = PBXFileReference; lastKnownFileType = file.storyboard; name = Base; path = Base.lproj/LaunchScreen.storyboard; sourceTree = "<group>"; };
		E55BC7CB292CECCE00117074 /* Info.plist */ = {isa = PBXFileReference; lastKnownFileType = text.plist.xml; path = Info.plist; sourceTree = "<group>"; };
		E55BC7D5292CFF9100117074 /* SignInCoordinator.swift */ = {isa = PBXFileReference; lastKnownFileType = sourcecode.swift; path = SignInCoordinator.swift; sourceTree = "<group>"; };
		E55BC7D7292CFFAD00117074 /* SignInRepository.swift */ = {isa = PBXFileReference; lastKnownFileType = sourcecode.swift; path = SignInRepository.swift; sourceTree = "<group>"; };
		E55BC7D9292CFFC400117074 /* SignInNavigation.swift */ = {isa = PBXFileReference; lastKnownFileType = sourcecode.swift; path = SignInNavigation.swift; sourceTree = "<group>"; };
		E55BC7DB292D012200117074 /* SignInView.swift */ = {isa = PBXFileReference; lastKnownFileType = sourcecode.swift; path = SignInView.swift; sourceTree = "<group>"; };
		E55BC7DD292D013700117074 /* SignInViewModel.swift */ = {isa = PBXFileReference; lastKnownFileType = sourcecode.swift; path = SignInViewModel.swift; sourceTree = "<group>"; };
		E57CEA79292E10F100AA861D /* PurpleButton.swift */ = {isa = PBXFileReference; lastKnownFileType = sourcecode.swift; path = PurpleButton.swift; sourceTree = "<group>"; };
		E57CEA7D292E11D900AA861D /* TextInput.swift */ = {isa = PBXFileReference; lastKnownFileType = sourcecode.swift; path = TextInput.swift; sourceTree = "<group>"; };
		E57CEA81292E2CEC00AA861D /* TextButton.swift */ = {isa = PBXFileReference; lastKnownFileType = sourcecode.swift; path = TextButton.swift; sourceTree = "<group>"; };
		E57CEA84292E41DC00AA861D /* SignUpCoordinator.swift */ = {isa = PBXFileReference; lastKnownFileType = sourcecode.swift; path = SignUpCoordinator.swift; sourceTree = "<group>"; };
		E57CEA86292E41EF00AA861D /* SignUpRepository.swift */ = {isa = PBXFileReference; lastKnownFileType = sourcecode.swift; path = SignUpRepository.swift; sourceTree = "<group>"; };
		E57CEA88292E420300AA861D /* SignUpNavigation.swift */ = {isa = PBXFileReference; lastKnownFileType = sourcecode.swift; path = SignUpNavigation.swift; sourceTree = "<group>"; };
		E57CEA8A292E421700AA861D /* SignUpViewModel.swift */ = {isa = PBXFileReference; lastKnownFileType = sourcecode.swift; path = SignUpViewModel.swift; sourceTree = "<group>"; };
		E57CEA8C292E422E00AA861D /* SignUpView.swift */ = {isa = PBXFileReference; lastKnownFileType = sourcecode.swift; path = SignUpView.swift; sourceTree = "<group>"; };
/* End PBXFileReference section */

/* Begin PBXFrameworksBuildPhase section */
		E55BC7B7292CECCE00117074 /* Frameworks */ = {
			isa = PBXFrameworksBuildPhase;
			buildActionMask = 2147483647;
			files = (
				E50AB5822934B01C00544D59 /* FirebaseAnalytics in Frameworks */,
				E50AB5862934B01C00544D59 /* FirebaseAuth in Frameworks */,
				E50AB5842934B01C00544D59 /* FirebaseAnalyticsWithoutAdIdSupport in Frameworks */,
				E50AB58E2934B01C00544D59 /* FirebaseFirestoreSwift in Frameworks */,
				E50AB58C2934B01C00544D59 /* FirebaseFirestoreCombine-Community in Frameworks */,
				E50AB58A2934B01C00544D59 /* FirebaseFirestore in Frameworks */,
				E50AB5882934B01C00544D59 /* FirebaseAuthCombine-Community in Frameworks */,
			);
			runOnlyForDeploymentPostprocessing = 0;
		};
/* End PBXFrameworksBuildPhase section */

/* Begin PBXGroup section */
		E50AB58F2934CB7B00544D59 /* Home */ = {
			isa = PBXGroup;
			children = (
				E50AB5942934DC0F00544D59 /* HomeCoordinator.swift */,
				E50AB5962934DC1E00544D59 /* HomeRepository.swift */,
				E50AB5982934DC3100544D59 /* HomeNavigation.swift */,
				E50AB5922934DC0100544D59 /* HomeViewModel.swift */,
				E50AB5902934DBEF00544D59 /* HomeView.swift */,
			);
			path = Home;
			sourceTree = "<group>";
		};
		E50AB59F293E045000544D59 /* Models */ = {
			isa = PBXGroup;
			children = (
				E50AB5A3293E04DA00544D59 /* User.swift */,
			);
			path = Models;
			sourceTree = "<group>";
		};
		E55BC7B1292CECCE00117074 = {
			isa = PBXGroup;
			children = (
				E55BC7BC292CECCE00117074 /* EventHub */,
				E55BC7BB292CECCE00117074 /* Products */,
			);
			sourceTree = "<group>";
		};
		E55BC7BB292CECCE00117074 /* Products */ = {
			isa = PBXGroup;
			children = (
				E55BC7BA292CECCE00117074 /* EventHub.app */,
			);
			name = Products;
			sourceTree = "<group>";
		};
		E55BC7BC292CECCE00117074 /* EventHub */ = {
			isa = PBXGroup;
			children = (
				E50AB59F293E045000544D59 /* Models */,
				E50AB58F2934CB7B00544D59 /* Home */,
				E57CEA83292E41B700AA861D /* SignUp */,
				E57CEA77292E0A5400AA861D /* Assets */,
				E55BC7D4292CFF4D00117074 /* SignIn */,
				E55BC7BD292CECCE00117074 /* AppDelegate.swift */,
				E55BC7BF292CECCE00117074 /* SceneDelegate.swift */,
				E55BC7C1292CECCE00117074 /* ViewController.swift */,
				E55BC7C3292CECCE00117074 /* Main.storyboard */,
				E55BC7C6292CECCE00117074 /* Assets.xcassets */,
				E55BC7C8292CECCE00117074 /* LaunchScreen.storyboard */,
				E55BC7CB292CECCE00117074 /* Info.plist */,
				E50AB57E2934AB0900544D59 /* GoogleService-Info.plist */,
				E50AB57C2934AAC600544D59 /* AppCoordinator.swift */,
			);
			path = EventHub;
			sourceTree = "<group>";
		};
		E55BC7D4292CFF4D00117074 /* SignIn */ = {
			isa = PBXGroup;
			children = (
				E55BC7D5292CFF9100117074 /* SignInCoordinator.swift */,
				E55BC7D7292CFFAD00117074 /* SignInRepository.swift */,
				E55BC7D9292CFFC400117074 /* SignInNavigation.swift */,
				E55BC7DB292D012200117074 /* SignInView.swift */,
				E55BC7DD292D013700117074 /* SignInViewModel.swift */,
			);
			path = SignIn;
			sourceTree = "<group>";
		};
		E57CEA77292E0A5400AA861D /* Assets */ = {
			isa = PBXGroup;
			children = (
				E57CEA78292E10D800AA861D /* Components */,
			);
			path = Assets;
			sourceTree = "<group>";
		};
		E57CEA78292E10D800AA861D /* Components */ = {
			isa = PBXGroup;
			children = (
				E57CEA7C292E11C000AA861D /* Inputs */,
				E57CEA7B292E119D00AA861D /* Buttons */,
				E50AB59A2934E36E00544D59 /* HomeTopView.swift */,
				E50AB5A5293E3EF400544D59 /* TopEvent.swift */,
			);
			path = Components;
			sourceTree = "<group>";
		};
		E57CEA7B292E119D00AA861D /* Buttons */ = {
			isa = PBXGroup;
			children = (
				E57CEA79292E10F100AA861D /* PurpleButton.swift */,
				E57CEA81292E2CEC00AA861D /* TextButton.swift */,
				E50AB59D293CDF7600544D59 /* ColoredButton.swift */,
			);
			path = Buttons;
			sourceTree = "<group>";
		};
		E57CEA7C292E11C000AA861D /* Inputs */ = {
			isa = PBXGroup;
			children = (
				E57CEA7D292E11D900AA861D /* TextInput.swift */,
			);
			path = Inputs;
			sourceTree = "<group>";
		};
		E57CEA83292E41B700AA861D /* SignUp */ = {
			isa = PBXGroup;
			children = (
				E57CEA84292E41DC00AA861D /* SignUpCoordinator.swift */,
				E57CEA86292E41EF00AA861D /* SignUpRepository.swift */,
				E57CEA88292E420300AA861D /* SignUpNavigation.swift */,
				E57CEA8A292E421700AA861D /* SignUpViewModel.swift */,
				E57CEA8C292E422E00AA861D /* SignUpView.swift */,
			);
			path = SignUp;
			sourceTree = "<group>";
		};
/* End PBXGroup section */

/* Begin PBXNativeTarget section */
		E55BC7B9292CECCE00117074 /* EventHub */ = {
			isa = PBXNativeTarget;
			buildConfigurationList = E55BC7CE292CECCE00117074 /* Build configuration list for PBXNativeTarget "EventHub" */;
			buildPhases = (
				E55BC7B6292CECCE00117074 /* Sources */,
				E55BC7B7292CECCE00117074 /* Frameworks */,
				E55BC7B8292CECCE00117074 /* Resources */,
			);
			buildRules = (
			);
			dependencies = (
			);
			name = EventHub;
			packageProductDependencies = (
				E50AB5812934B01C00544D59 /* FirebaseAnalytics */,
				E50AB5832934B01C00544D59 /* FirebaseAnalyticsWithoutAdIdSupport */,
				E50AB5852934B01C00544D59 /* FirebaseAuth */,
				E50AB5872934B01C00544D59 /* FirebaseAuthCombine-Community */,
				E50AB5892934B01C00544D59 /* FirebaseFirestore */,
				E50AB58B2934B01C00544D59 /* FirebaseFirestoreCombine-Community */,
				E50AB58D2934B01C00544D59 /* FirebaseFirestoreSwift */,
			);
			productName = EventHub;
			productReference = E55BC7BA292CECCE00117074 /* EventHub.app */;
			productType = "com.apple.product-type.application";
		};
/* End PBXNativeTarget section */

/* Begin PBXProject section */
		E55BC7B2292CECCE00117074 /* Project object */ = {
			isa = PBXProject;
			attributes = {
				BuildIndependentTargetsInParallel = 1;
				LastSwiftUpdateCheck = 1410;
				LastUpgradeCheck = 1410;
				TargetAttributes = {
					E55BC7B9292CECCE00117074 = {
						CreatedOnToolsVersion = 14.1;
					};
				};
			};
			buildConfigurationList = E55BC7B5292CECCE00117074 /* Build configuration list for PBXProject "EventHub" */;
			compatibilityVersion = "Xcode 14.0";
			developmentRegion = en;
			hasScannedForEncodings = 0;
			knownRegions = (
				en,
				Base,
			);
			mainGroup = E55BC7B1292CECCE00117074;
			packageReferences = (
				E50AB5802934B01C00544D59 /* XCRemoteSwiftPackageReference "firebase-ios-sdk" */,
			);
			productRefGroup = E55BC7BB292CECCE00117074 /* Products */;
			projectDirPath = "";
			projectRoot = "";
			targets = (
				E55BC7B9292CECCE00117074 /* EventHub */,
			);
		};
/* End PBXProject section */

/* Begin PBXResourcesBuildPhase section */
		E55BC7B8292CECCE00117074 /* Resources */ = {
			isa = PBXResourcesBuildPhase;
			buildActionMask = 2147483647;
			files = (
				E55BC7CA292CECCE00117074 /* LaunchScreen.storyboard in Resources */,
				E50AB57F2934AB0900544D59 /* GoogleService-Info.plist in Resources */,
				E55BC7C7292CECCE00117074 /* Assets.xcassets in Resources */,
				E55BC7C5292CECCE00117074 /* Main.storyboard in Resources */,
			);
			runOnlyForDeploymentPostprocessing = 0;
		};
/* End PBXResourcesBuildPhase section */

/* Begin PBXSourcesBuildPhase section */
		E55BC7B6292CECCE00117074 /* Sources */ = {
			isa = PBXSourcesBuildPhase;
			buildActionMask = 2147483647;
			files = (
				E50AB5932934DC0100544D59 /* HomeViewModel.swift in Sources */,
				E50AB5972934DC1E00544D59 /* HomeRepository.swift in Sources */,
				E57CEA8B292E421700AA861D /* SignUpViewModel.swift in Sources */,
				E50AB5A4293E04DA00544D59 /* User.swift in Sources */,
				E57CEA87292E41EF00AA861D /* SignUpRepository.swift in Sources */,
				E50AB59B2934E36E00544D59 /* HomeTopView.swift in Sources */,
				E50AB57D2934AAC600544D59 /* AppCoordinator.swift in Sources */,
				E57CEA7E292E11D900AA861D /* TextInput.swift in Sources */,
				E57CEA82292E2CEC00AA861D /* TextButton.swift in Sources */,
				E55BC7C2292CECCE00117074 /* ViewController.swift in Sources */,
				E55BC7BE292CECCE00117074 /* AppDelegate.swift in Sources */,
				E57CEA89292E420300AA861D /* SignUpNavigation.swift in Sources */,
				E50AB5992934DC3100544D59 /* HomeNavigation.swift in Sources */,
				E55BC7C0292CECCE00117074 /* SceneDelegate.swift in Sources */,
				E50AB5912934DBEF00544D59 /* HomeView.swift in Sources */,
				E55BC7D6292CFF9100117074 /* SignInCoordinator.swift in Sources */,
				E57CEA85292E41DC00AA861D /* SignUpCoordinator.swift in Sources */,
				E57CEA7A292E10F100AA861D /* PurpleButton.swift in Sources */,
				E50AB5A6293E3EF400544D59 /* TopEvent.swift in Sources */,
				E55BC7DE292D013700117074 /* SignInViewModel.swift in Sources */,
				E50AB59E293CDF7600544D59 /* ColoredButton.swift in Sources */,
				E55BC7DA292CFFC400117074 /* SignInNavigation.swift in Sources */,
				E55BC7DC292D012200117074 /* SignInView.swift in Sources */,
				E50AB5952934DC0F00544D59 /* HomeCoordinator.swift in Sources */,
				E57CEA8D292E422E00AA861D /* SignUpView.swift in Sources */,
				E55BC7D8292CFFAD00117074 /* SignInRepository.swift in Sources */,
			);
			runOnlyForDeploymentPostprocessing = 0;
		};
/* End PBXSourcesBuildPhase section */

/* Begin PBXVariantGroup section */
		E55BC7C3292CECCE00117074 /* Main.storyboard */ = {
			isa = PBXVariantGroup;
			children = (
				E55BC7C4292CECCE00117074 /* Base */,
			);
			name = Main.storyboard;
			sourceTree = "<group>";
		};
		E55BC7C8292CECCE00117074 /* LaunchScreen.storyboard */ = {
			isa = PBXVariantGroup;
			children = (
				E55BC7C9292CECCE00117074 /* Base */,
			);
			name = LaunchScreen.storyboard;
			sourceTree = "<group>";
		};
/* End PBXVariantGroup section */

/* Begin XCBuildConfiguration section */
		E55BC7CC292CECCE00117074 /* Debug */ = {
			isa = XCBuildConfiguration;
			buildSettings = {
				ALWAYS_SEARCH_USER_PATHS = NO;
				CLANG_ANALYZER_NONNULL = YES;
				CLANG_ANALYZER_NUMBER_OBJECT_CONVERSION = YES_AGGRESSIVE;
				CLANG_CXX_LANGUAGE_STANDARD = "gnu++20";
				CLANG_ENABLE_MODULES = YES;
				CLANG_ENABLE_OBJC_ARC = YES;
				CLANG_ENABLE_OBJC_WEAK = YES;
				CLANG_WARN_BLOCK_CAPTURE_AUTORELEASING = YES;
				CLANG_WARN_BOOL_CONVERSION = YES;
				CLANG_WARN_COMMA = YES;
				CLANG_WARN_CONSTANT_CONVERSION = YES;
				CLANG_WARN_DEPRECATED_OBJC_IMPLEMENTATIONS = YES;
				CLANG_WARN_DIRECT_OBJC_ISA_USAGE = YES_ERROR;
				CLANG_WARN_DOCUMENTATION_COMMENTS = YES;
				CLANG_WARN_EMPTY_BODY = YES;
				CLANG_WARN_ENUM_CONVERSION = YES;
				CLANG_WARN_INFINITE_RECURSION = YES;
				CLANG_WARN_INT_CONVERSION = YES;
				CLANG_WARN_NON_LITERAL_NULL_CONVERSION = YES;
				CLANG_WARN_OBJC_IMPLICIT_RETAIN_SELF = YES;
				CLANG_WARN_OBJC_LITERAL_CONVERSION = YES;
				CLANG_WARN_OBJC_ROOT_CLASS = YES_ERROR;
				CLANG_WARN_QUOTED_INCLUDE_IN_FRAMEWORK_HEADER = YES;
				CLANG_WARN_RANGE_LOOP_ANALYSIS = YES;
				CLANG_WARN_STRICT_PROTOTYPES = YES;
				CLANG_WARN_SUSPICIOUS_MOVE = YES;
				CLANG_WARN_UNGUARDED_AVAILABILITY = YES_AGGRESSIVE;
				CLANG_WARN_UNREACHABLE_CODE = YES;
				CLANG_WARN__DUPLICATE_METHOD_MATCH = YES;
				COPY_PHASE_STRIP = NO;
				DEBUG_INFORMATION_FORMAT = dwarf;
				ENABLE_STRICT_OBJC_MSGSEND = YES;
				ENABLE_TESTABILITY = YES;
				GCC_C_LANGUAGE_STANDARD = gnu11;
				GCC_DYNAMIC_NO_PIC = NO;
				GCC_NO_COMMON_BLOCKS = YES;
				GCC_OPTIMIZATION_LEVEL = 0;
				GCC_PREPROCESSOR_DEFINITIONS = (
					"DEBUG=1",
					"$(inherited)",
				);
				GCC_WARN_64_TO_32_BIT_CONVERSION = YES;
				GCC_WARN_ABOUT_RETURN_TYPE = YES_ERROR;
				GCC_WARN_UNDECLARED_SELECTOR = YES;
				GCC_WARN_UNINITIALIZED_AUTOS = YES_AGGRESSIVE;
				GCC_WARN_UNUSED_FUNCTION = YES;
				GCC_WARN_UNUSED_VARIABLE = YES;
				IPHONEOS_DEPLOYMENT_TARGET = 16.1;
				MTL_ENABLE_DEBUG_INFO = INCLUDE_SOURCE;
				MTL_FAST_MATH = YES;
				ONLY_ACTIVE_ARCH = YES;
				SDKROOT = iphoneos;
				SWIFT_ACTIVE_COMPILATION_CONDITIONS = DEBUG;
				SWIFT_OPTIMIZATION_LEVEL = "-Onone";
			};
			name = Debug;
		};
		E55BC7CD292CECCE00117074 /* Release */ = {
			isa = XCBuildConfiguration;
			buildSettings = {
				ALWAYS_SEARCH_USER_PATHS = NO;
				CLANG_ANALYZER_NONNULL = YES;
				CLANG_ANALYZER_NUMBER_OBJECT_CONVERSION = YES_AGGRESSIVE;
				CLANG_CXX_LANGUAGE_STANDARD = "gnu++20";
				CLANG_ENABLE_MODULES = YES;
				CLANG_ENABLE_OBJC_ARC = YES;
				CLANG_ENABLE_OBJC_WEAK = YES;
				CLANG_WARN_BLOCK_CAPTURE_AUTORELEASING = YES;
				CLANG_WARN_BOOL_CONVERSION = YES;
				CLANG_WARN_COMMA = YES;
				CLANG_WARN_CONSTANT_CONVERSION = YES;
				CLANG_WARN_DEPRECATED_OBJC_IMPLEMENTATIONS = YES;
				CLANG_WARN_DIRECT_OBJC_ISA_USAGE = YES_ERROR;
				CLANG_WARN_DOCUMENTATION_COMMENTS = YES;
				CLANG_WARN_EMPTY_BODY = YES;
				CLANG_WARN_ENUM_CONVERSION = YES;
				CLANG_WARN_INFINITE_RECURSION = YES;
				CLANG_WARN_INT_CONVERSION = YES;
				CLANG_WARN_NON_LITERAL_NULL_CONVERSION = YES;
				CLANG_WARN_OBJC_IMPLICIT_RETAIN_SELF = YES;
				CLANG_WARN_OBJC_LITERAL_CONVERSION = YES;
				CLANG_WARN_OBJC_ROOT_CLASS = YES_ERROR;
				CLANG_WARN_QUOTED_INCLUDE_IN_FRAMEWORK_HEADER = YES;
				CLANG_WARN_RANGE_LOOP_ANALYSIS = YES;
				CLANG_WARN_STRICT_PROTOTYPES = YES;
				CLANG_WARN_SUSPICIOUS_MOVE = YES;
				CLANG_WARN_UNGUARDED_AVAILABILITY = YES_AGGRESSIVE;
				CLANG_WARN_UNREACHABLE_CODE = YES;
				CLANG_WARN__DUPLICATE_METHOD_MATCH = YES;
				COPY_PHASE_STRIP = NO;
				DEBUG_INFORMATION_FORMAT = "dwarf-with-dsym";
				ENABLE_NS_ASSERTIONS = NO;
				ENABLE_STRICT_OBJC_MSGSEND = YES;
				GCC_C_LANGUAGE_STANDARD = gnu11;
				GCC_NO_COMMON_BLOCKS = YES;
				GCC_WARN_64_TO_32_BIT_CONVERSION = YES;
				GCC_WARN_ABOUT_RETURN_TYPE = YES_ERROR;
				GCC_WARN_UNDECLARED_SELECTOR = YES;
				GCC_WARN_UNINITIALIZED_AUTOS = YES_AGGRESSIVE;
				GCC_WARN_UNUSED_FUNCTION = YES;
				GCC_WARN_UNUSED_VARIABLE = YES;
				IPHONEOS_DEPLOYMENT_TARGET = 16.1;
				MTL_ENABLE_DEBUG_INFO = NO;
				MTL_FAST_MATH = YES;
				SDKROOT = iphoneos;
				SWIFT_COMPILATION_MODE = wholemodule;
				SWIFT_OPTIMIZATION_LEVEL = "-O";
				VALIDATE_PRODUCT = YES;
			};
			name = Release;
		};
		E55BC7CF292CECCE00117074 /* Debug */ = {
			isa = XCBuildConfiguration;
			buildSettings = {
				ASSETCATALOG_COMPILER_APPICON_NAME = AppIcon;
				ASSETCATALOG_COMPILER_GLOBAL_ACCENT_COLOR_NAME = AccentColor;
				CODE_SIGN_STYLE = Automatic;
				CURRENT_PROJECT_VERSION = 1;
				GENERATE_INFOPLIST_FILE = YES;
				INFOPLIST_FILE = EventHub/Info.plist;
				INFOPLIST_KEY_UIApplicationSupportsIndirectInputEvents = YES;
				INFOPLIST_KEY_UILaunchStoryboardName = LaunchScreen;
				INFOPLIST_KEY_UIMainStoryboardFile = Main;
				INFOPLIST_KEY_UISupportedInterfaceOrientations_iPad = "UIInterfaceOrientationPortrait UIInterfaceOrientationPortraitUpsideDown UIInterfaceOrientationLandscapeLeft UIInterfaceOrientationLandscapeRight";
				INFOPLIST_KEY_UISupportedInterfaceOrientations_iPhone = "UIInterfaceOrientationPortrait UIInterfaceOrientationLandscapeLeft UIInterfaceOrientationLandscapeRight";
				LD_RUNPATH_SEARCH_PATHS = (
					"$(inherited)",
					"@executable_path/Frameworks",
				);
				MARKETING_VERSION = 1.0;
				PRODUCT_BUNDLE_IDENTIFIER = com.emanuelfarcau.EventHub;
				PRODUCT_NAME = "$(TARGET_NAME)";
				SWIFT_EMIT_LOC_STRINGS = YES;
				SWIFT_VERSION = 5.0;
				TARGETED_DEVICE_FAMILY = "1,2";
			};
			name = Debug;
		};
		E55BC7D0292CECCE00117074 /* Release */ = {
			isa = XCBuildConfiguration;
			buildSettings = {
				ASSETCATALOG_COMPILER_APPICON_NAME = AppIcon;
				ASSETCATALOG_COMPILER_GLOBAL_ACCENT_COLOR_NAME = AccentColor;
				CODE_SIGN_STYLE = Automatic;
				CURRENT_PROJECT_VERSION = 1;
				GENERATE_INFOPLIST_FILE = YES;
				INFOPLIST_FILE = EventHub/Info.plist;
				INFOPLIST_KEY_UIApplicationSupportsIndirectInputEvents = YES;
				INFOPLIST_KEY_UILaunchStoryboardName = LaunchScreen;
				INFOPLIST_KEY_UIMainStoryboardFile = Main;
				INFOPLIST_KEY_UISupportedInterfaceOrientations_iPad = "UIInterfaceOrientationPortrait UIInterfaceOrientationPortraitUpsideDown UIInterfaceOrientationLandscapeLeft UIInterfaceOrientationLandscapeRight";
				INFOPLIST_KEY_UISupportedInterfaceOrientations_iPhone = "UIInterfaceOrientationPortrait UIInterfaceOrientationLandscapeLeft UIInterfaceOrientationLandscapeRight";
				LD_RUNPATH_SEARCH_PATHS = (
					"$(inherited)",
					"@executable_path/Frameworks",
				);
				MARKETING_VERSION = 1.0;
				PRODUCT_BUNDLE_IDENTIFIER = com.emanuelfarcau.EventHub;
				PRODUCT_NAME = "$(TARGET_NAME)";
				SWIFT_EMIT_LOC_STRINGS = YES;
				SWIFT_VERSION = 5.0;
				TARGETED_DEVICE_FAMILY = "1,2";
			};
			name = Release;
		};
/* End XCBuildConfiguration section */

/* Begin XCConfigurationList section */
		E55BC7B5292CECCE00117074 /* Build configuration list for PBXProject "EventHub" */ = {
			isa = XCConfigurationList;
			buildConfigurations = (
				E55BC7CC292CECCE00117074 /* Debug */,
				E55BC7CD292CECCE00117074 /* Release */,
			);
			defaultConfigurationIsVisible = 0;
			defaultConfigurationName = Release;
		};
		E55BC7CE292CECCE00117074 /* Build configuration list for PBXNativeTarget "EventHub" */ = {
			isa = XCConfigurationList;
			buildConfigurations = (
				E55BC7CF292CECCE00117074 /* Debug */,
				E55BC7D0292CECCE00117074 /* Release */,
			);
			defaultConfigurationIsVisible = 0;
			defaultConfigurationName = Release;
		};
/* End XCConfigurationList section */

/* Begin XCRemoteSwiftPackageReference section */
		E50AB5802934B01C00544D59 /* XCRemoteSwiftPackageReference "firebase-ios-sdk" */ = {
			isa = XCRemoteSwiftPackageReference;
			repositoryURL = "https://github.com/firebase/firebase-ios-sdk";
			requirement = {
				kind = upToNextMajorVersion;
				minimumVersion = 9.0.0;
			};
		};
/* End XCRemoteSwiftPackageReference section */

/* Begin XCSwiftPackageProductDependency section */
		E50AB5812934B01C00544D59 /* FirebaseAnalytics */ = {
			isa = XCSwiftPackageProductDependency;
			package = E50AB5802934B01C00544D59 /* XCRemoteSwiftPackageReference "firebase-ios-sdk" */;
			productName = FirebaseAnalytics;
		};
		E50AB5832934B01C00544D59 /* FirebaseAnalyticsWithoutAdIdSupport */ = {
			isa = XCSwiftPackageProductDependency;
			package = E50AB5802934B01C00544D59 /* XCRemoteSwiftPackageReference "firebase-ios-sdk" */;
			productName = FirebaseAnalyticsWithoutAdIdSupport;
		};
		E50AB5852934B01C00544D59 /* FirebaseAuth */ = {
			isa = XCSwiftPackageProductDependency;
			package = E50AB5802934B01C00544D59 /* XCRemoteSwiftPackageReference "firebase-ios-sdk" */;
			productName = FirebaseAuth;
		};
		E50AB5872934B01C00544D59 /* FirebaseAuthCombine-Community */ = {
			isa = XCSwiftPackageProductDependency;
			package = E50AB5802934B01C00544D59 /* XCRemoteSwiftPackageReference "firebase-ios-sdk" */;
			productName = "FirebaseAuthCombine-Community";
		};
		E50AB5892934B01C00544D59 /* FirebaseFirestore */ = {
			isa = XCSwiftPackageProductDependency;
			package = E50AB5802934B01C00544D59 /* XCRemoteSwiftPackageReference "firebase-ios-sdk" */;
			productName = FirebaseFirestore;
		};
		E50AB58B2934B01C00544D59 /* FirebaseFirestoreCombine-Community */ = {
			isa = XCSwiftPackageProductDependency;
			package = E50AB5802934B01C00544D59 /* XCRemoteSwiftPackageReference "firebase-ios-sdk" */;
			productName = "FirebaseFirestoreCombine-Community";
		};
		E50AB58D2934B01C00544D59 /* FirebaseFirestoreSwift */ = {
			isa = XCSwiftPackageProductDependency;
			package = E50AB5802934B01C00544D59 /* XCRemoteSwiftPackageReference "firebase-ios-sdk" */;
			productName = FirebaseFirestoreSwift;
		};
/* End XCSwiftPackageProductDependency section */
	};
	rootObject = E55BC7B2292CECCE00117074 /* Project object */;
}
